// !$*UTF8*$!
{
	archiveVersion = 1;
	classes = {
	};
	objectVersion = 77;
	objects = {

/* Begin PBXBuildFile section */
		7E000000000000000000000A /* tern-hook in Embed Helpers */ = {isa = PBXBuildFile; fileRef = 7E0000000000000000000008 /* tern-hook */; settings = {ATTRIBUTES = (CodeSignOnCopy, ); }; };
/* End PBXBuildFile section */

/* Begin PBXContainerItemProxy section */
		7E0000000000000000000030 /* PBXContainerItemProxy */ = {
			isa = PBXContainerItemProxy;
			containerPortal = 7E0000000000000000000001 /* Project object */;
			proxyType = 1;
			remoteGlobalIDString = 7E0000000000000000000010;
			remoteInfo = Tern;
		};
		7E0000000000000000000032 /* PBXContainerItemProxy */ = {
			isa = PBXContainerItemProxy;
			containerPortal = 7E0000000000000000000001 /* Project object */;
			proxyType = 1;
			remoteGlobalIDString = 7E0000000000000000000070;
			remoteInfo = TernHook;
		};
/* End PBXContainerItemProxy section */

/* Begin PBXCopyFilesBuildPhase section */
		7E0000000000000000000014 /* Embed Helpers */ = {
			isa = PBXCopyFilesBuildPhase;
			buildActionMask = 2147483647;
			dstPath = Contents/Helpers;
			dstSubfolderSpec = 1;
			files = (
				7E000000000000000000000A /* tern-hook in Embed Helpers */,
			);
			name = "Embed Helpers";
			runOnlyForDeploymentPostprocessing = 0;
		};
/* End PBXCopyFilesBuildPhase section */

/* Begin PBXFileReference section */
		7E0000000000000000000004 /* Tern.app */ = {isa = PBXFileReference; explicitFileType = wrapper.application; includeInIndex = 0; path = Tern.app; sourceTree = BUILT_PRODUCTS_DIR; };
		7E0000000000000000000005 /* TernTests.xctest */ = {isa = PBXFileReference; explicitFileType = wrapper.cfbundle; includeInIndex = 0; path = TernTests.xctest; sourceTree = BUILT_PRODUCTS_DIR; };
		7E0000000000000000000008 /* tern-hook */ = {isa = PBXFileReference; explicitFileType = "compiled.mach-o.executable"; includeInIndex = 0; path = "tern-hook"; sourceTree = BUILT_PRODUCTS_DIR; };
/* End PBXFileReference section */

/* Begin PBXFileSystemSynchronizedRootGroup section */
		7E0000000000000000000006 /* Tern */ = {
			isa = PBXFileSystemSynchronizedRootGroup;
			path = Tern;
			sourceTree = "<group>";
		};
		7E0000000000000000000007 /* TernTests */ = {
			isa = PBXFileSystemSynchronizedRootGroup;
			path = TernTests;
			sourceTree = "<group>";
		};
		7E0000000000000000000009 /* TernHook */ = {
			isa = PBXFileSystemSynchronizedRootGroup;
			path = TernHook;
			sourceTree = "<group>";
		};
/* End PBXFileSystemSynchronizedRootGroup section */

/* Begin PBXFrameworksBuildPhase section */
		7E0000000000000000000012 /* Frameworks */ = {
			isa = PBXFrameworksBuildPhase;
			buildActionMask = 2147483647;
			files = (
			);
			runOnlyForDeploymentPostprocessing = 0;
		};
		7E0000000000000000000022 /* Frameworks */ = {
			isa = PBXFrameworksBuildPhase;
			buildActionMask = 2147483647;
			files = (
			);
			runOnlyForDeploymentPostprocessing = 0;
		};
		7E0000000000000000000072 /* Frameworks */ = {
			isa = PBXFrameworksBuildPhase;
			buildActionMask = 2147483647;
			files = (
			);
			runOnlyForDeploymentPostprocessing = 0;
		};
/* End PBXFrameworksBuildPhase section */

/* Begin PBXGroup section */
		7E0000000000000000000002 = {
			isa = PBXGroup;
			children = (
				7E0000000000000000000006 /* Tern */,
				7E0000000000000000000007 /* TernTests */,
				7E0000000000000000000009 /* TernHook */,
				7E0000000000000000000003 /* Products */,
			);
			sourceTree = "<group>";
		};
		7E0000000000000000000003 /* Products */ = {
			isa = PBXGroup;
			children = (
				7E0000000000000000000004 /* Tern.app */,
				7E0000000000000000000005 /* TernTests.xctest */,
				7E0000000000000000000008 /* tern-hook */,
			);
			name = Products;
			sourceTree = "<group>";
		};
/* End PBXGroup section */

/* Begin PBXNativeTarget section */
		7E0000000000000000000010 /* Tern */ = {
			isa = PBXNativeTarget;
			buildConfigurationList = 7E0000000000000000000050 /* Build configuration list for PBXNativeTarget "Tern" */;
			buildPhases = (
				7E0000000000000000000011 /* Sources */,
				7E0000000000000000000012 /* Frameworks */,
				7E0000000000000000000013 /* Resources */,
				7E0000000000000000000014 /* Embed Helpers */,
			);
			buildRules = (
			);
			dependencies = (
				7E0000000000000000000033 /* PBXTargetDependency */,
			);
			fileSystemSynchronizedGroups = (
				7E0000000000000000000006 /* Tern */,
			);
			name = Tern;
			packageProductDependencies = (
			);
			productName = Tern;
			productReference = 7E0000000000000000000004 /* Tern.app */;
			productType = "com.apple.product-type.application";
		};
		7E0000000000000000000020 /* TernTests */ = {
			isa = PBXNativeTarget;
			buildConfigurationList = 7E0000000000000000000060 /* Build configuration list for PBXNativeTarget "TernTests" */;
			buildPhases = (
				7E0000000000000000000021 /* Sources */,
				7E0000000000000000000022 /* Frameworks */,
				7E0000000000000000000023 /* Resources */,
			);
			buildRules = (
			);
			dependencies = (
				7E0000000000000000000031 /* PBXTargetDependency */,
			);
			fileSystemSynchronizedGroups = (
				7E0000000000000000000007 /* TernTests */,
			);
			name = TernTests;
			packageProductDependencies = (
			);
			productName = TernTests;
			productReference = 7E0000000000000000000005 /* TernTests.xctest */;
			productType = "com.apple.product-type.bundle.unit-test";
		};
		7E0000000000000000000070 /* TernHook */ = {
			isa = PBXNativeTarget;
			buildConfigurationList = 7E0000000000000000000080 /* Build configuration list for PBXNativeTarget "TernHook" */;
			buildPhases = (
				7E0000000000000000000071 /* Sources */,
				7E0000000000000000000072 /* Frameworks */,
			);
			buildRules = (
			);
			dependencies = (
			);
			fileSystemSynchronizedGroups = (
				7E0000000000000000000009 /* TernHook */,
			);
			name = TernHook;
			packageProductDependencies = (
			);
			productName = "tern-hook";
			productReference = 7E0000000000000000000008 /* tern-hook */;
			productType = "com.apple.product-type.tool";
		};
/* End PBXNativeTarget section */

/* Begin PBXProject section */
		7E0000000000000000000001 /* Project object */ = {
			isa = PBXProject;
			attributes = {
				BuildIndependentTargetsInParallel = 1;
				LastSwiftUpdateCheck = 2700;
				LastUpgradeCheck = 2700;
				TargetAttributes = {
					7E0000000000000000000010 = {
						CreatedOnToolsVersion = 27.0;
					};
					7E0000000000000000000020 = {
						CreatedOnToolsVersion = 27.0;
						TestTargetID = 7E0000000000000000000010;
					};
					7E0000000000000000000070 = {
						CreatedOnToolsVersion = 27.0;
					};
				};
			};
			buildConfigurationList = 7E0000000000000000000040 /* Build configuration list for PBXProject "Tern" */;
			developmentRegion = en;
			hasScannedForEncodings = 0;
			knownRegions = (
				en,
				Base,
			);
			mainGroup = 7E0000000000000000000002;
			minimizedProjectReferenceProxies = 1;
			preferredProjectObjectVersion = 77;
			productRefGroup = 7E0000000000000000000003 /* Products */;
			projectDirPath = "";
			projectRoot = "";
			targets = (
				7E0000000000000000000010 /* Tern */,
				7E0000000000000000000020 /* TernTests */,
				7E0000000000000000000070 /* TernHook */,
			);
		};
/* End PBXProject section */

/* Begin PBXResourcesBuildPhase section */
		7E0000000000000000000013 /* Resources */ = {
			isa = PBXResourcesBuildPhase;
			buildActionMask = 2147483647;
			files = (
			);
			runOnlyForDeploymentPostprocessing = 0;
		};
		7E0000000000000000000023 /* Resources */ = {
			isa = PBXResourcesBuildPhase;
			buildActionMask = 2147483647;
			files = (
			);
			runOnlyForDeploymentPostprocessing = 0;
		};
/* End PBXResourcesBuildPhase section */

/* Begin PBXSourcesBuildPhase section */
		7E0000000000000000000011 /* Sources */ = {
			isa = PBXSourcesBuildPhase;
			buildActionMask = 2147483647;
			files = (
			);
			runOnlyForDeploymentPostprocessing = 0;
		};
		7E0000000000000000000021 /* Sources */ = {
			isa = PBXSourcesBuildPhase;
			buildActionMask = 2147483647;
			files = (
			);
			runOnlyForDeploymentPostprocessing = 0;
		};
		7E0000000000000000000071 /* Sources */ = {
			isa = PBXSourcesBuildPhase;
			buildActionMask = 2147483647;
			files = (
			);
			runOnlyForDeploymentPostprocessing = 0;
		};
/* End PBXSourcesBuildPhase section */

/* Begin PBXTargetDependency section */
		7E0000000000000000000031 /* PBXTargetDependency */ = {
			isa = PBXTargetDependency;
			target = 7E0000000000000000000010 /* Tern */;
			targetProxy = 7E0000000000000000000030 /* PBXContainerItemProxy */;
		};
		7E0000000000000000000033 /* PBXTargetDependency */ = {
			isa = PBXTargetDependency;
			target = 7E0000000000000000000070 /* TernHook */;
			targetProxy = 7E0000000000000000000032 /* PBXContainerItemProxy */;
		};
/* End PBXTargetDependency section */

/* Begin XCBuildConfiguration section */
		7E0000000000000000000041 /* Debug */ = {
			isa = XCBuildConfiguration;
			buildSettings = {
				ALWAYS_SEARCH_USER_PATHS = NO;
				ASSETCATALOG_COMPILER_GENERATE_SWIFT_ASSET_SYMBOL_EXTENSIONS = YES;
				CLANG_ENABLE_MODULES = YES;
				CLANG_ENABLE_OBJC_ARC = YES;
				COPY_PHASE_STRIP = NO;
				DEBUG_INFORMATION_FORMAT = dwarf;
				ENABLE_STRICT_OBJC_MSGSEND = YES;
				ENABLE_TESTABILITY = YES;
				ENABLE_USER_SCRIPT_SANDBOXING = YES;
				GCC_C_LANGUAGE_STANDARD = gnu17;
				GCC_DYNAMIC_NO_PIC = NO;
				GCC_OPTIMIZATION_LEVEL = 0;
				GCC_PREPROCESSOR_DEFINITIONS = (
					"DEBUG=1",
					"$(inherited)",
				);
				LOCALIZATION_PREFERS_STRING_CATALOGS = YES;
				MACOSX_DEPLOYMENT_TARGET = 15.0;
				MTL_ENABLE_DEBUG_INFO = INCLUDE_SOURCE;
				ONLY_ACTIVE_ARCH = YES;
				SDKROOT = macosx;
				SWIFT_ACTIVE_COMPILATION_CONDITIONS = "DEBUG $(inherited)";
				SWIFT_OPTIMIZATION_LEVEL = "-Onone";
				SWIFT_VERSION = 6.0;
			};
			name = Debug;
		};
		7E0000000000000000000042 /* Release */ = {
			isa = XCBuildConfiguration;
			buildSettings = {
				ALWAYS_SEARCH_USER_PATHS = NO;
				ASSETCATALOG_COMPILER_GENERATE_SWIFT_ASSET_SYMBOL_EXTENSIONS = YES;
				CLANG_ENABLE_MODULES = YES;
				CLANG_ENABLE_OBJC_ARC = YES;
				COPY_PHASE_STRIP = NO;
				DEBUG_INFORMATION_FORMAT = "dwarf-with-dsym";
				ENABLE_NS_ASSERTIONS = NO;
				ENABLE_STRICT_OBJC_MSGSEND = YES;
				ENABLE_USER_SCRIPT_SANDBOXING = YES;
				GCC_C_LANGUAGE_STANDARD = gnu17;
				LOCALIZATION_PREFERS_STRING_CATALOGS = YES;
				MACOSX_DEPLOYMENT_TARGET = 15.0;
				MTL_ENABLE_DEBUG_INFO = NO;
				SDKROOT = macosx;
				SWIFT_COMPILATION_MODE = wholemodule;
				SWIFT_VERSION = 6.0;
			};
			name = Release;
		};
		7E0000000000000000000051 /* Debug */ = {
			isa = XCBuildConfiguration;
			buildSettings = {
				ASSETCATALOG_COMPILER_APPICON_NAME = AppIcon;
				ASSETCATALOG_COMPILER_GLOBAL_ACCENT_COLOR_NAME = AccentColor;
				CODE_SIGN_IDENTITY = "-";
				CODE_SIGN_STYLE = Automatic;
				CODE_SIGN_ENTITLEMENTS = Config/Tern.entitlements;
				COMBINE_HIDPI_IMAGES = YES;
				CURRENT_PROJECT_VERSION = 1;
				ENABLE_APP_SANDBOX = NO;
				ENABLE_HARDENED_RUNTIME = YES;
				ENABLE_PREVIEWS = YES;
				GENERATE_INFOPLIST_FILE = YES;
				INFOPLIST_FILE = "Config/Tern-Info.plist";
				INFOPLIST_KEY_CFBundleDisplayName = Tern;
				INFOPLIST_KEY_LSApplicationCategoryType = "public.app-category.developer-tools";
				INFOPLIST_KEY_LSUIElement = YES;
				INFOPLIST_KEY_NSHumanReadableCopyright = "";
				LD_RUNPATH_SEARCH_PATHS = (
					"$(inherited)",
					"@executable_path/../Frameworks",
				);
				MARKETING_VERSION = 0.1.0;
				PRODUCT_BUNDLE_IDENTIFIER = so.plane.tern.debug;
				PRODUCT_NAME = "$(TARGET_NAME)";
				SWIFT_EMIT_LOC_STRINGS = YES;
				TERN_URL_SCHEME = "tern-debug";
			};
			name = Debug;
		};
		7E0000000000000000000052 /* Release */ = {
			isa = XCBuildConfiguration;
			buildSettings = {
				ASSETCATALOG_COMPILER_APPICON_NAME = AppIcon;
				ASSETCATALOG_COMPILER_GLOBAL_ACCENT_COLOR_NAME = AccentColor;
				CODE_SIGN_IDENTITY = "-";
				CODE_SIGN_STYLE = Automatic;
				CODE_SIGN_ENTITLEMENTS = Config/Tern.entitlements;
				COMBINE_HIDPI_IMAGES = YES;
				CURRENT_PROJECT_VERSION = 1;
				ENABLE_APP_SANDBOX = NO;
				ENABLE_HARDENED_RUNTIME = YES;
				ENABLE_PREVIEWS = YES;
				GENERATE_INFOPLIST_FILE = YES;
				INFOPLIST_FILE = "Config/Tern-Info.plist";
				INFOPLIST_KEY_CFBundleDisplayName = Tern;
				INFOPLIST_KEY_LSApplicationCategoryType = "public.app-category.developer-tools";
				INFOPLIST_KEY_LSUIElement = YES;
				INFOPLIST_KEY_NSHumanReadableCopyright = "";
				LD_RUNPATH_SEARCH_PATHS = (
					"$(inherited)",
					"@executable_path/../Frameworks",
				);
				MARKETING_VERSION = 0.1.0;
				PRODUCT_BUNDLE_IDENTIFIER = so.plane.tern;
				PRODUCT_NAME = "$(TARGET_NAME)";
				SWIFT_EMIT_LOC_STRINGS = YES;
				TERN_URL_SCHEME = tern;
			};
			name = Release;
		};
		7E0000000000000000000061 /* Debug */ = {
			isa = XCBuildConfiguration;
			buildSettings = {
				BUNDLE_LOADER = "$(TEST_HOST)";
				CODE_SIGN_IDENTITY = "-";
				CODE_SIGN_STYLE = Automatic;
				CURRENT_PROJECT_VERSION = 1;
				GENERATE_INFOPLIST_FILE = YES;
				MARKETING_VERSION = 0.1.0;
				PRODUCT_BUNDLE_IDENTIFIER = so.plane.tern.tests;
				PRODUCT_NAME = "$(TARGET_NAME)";
				SWIFT_EMIT_LOC_STRINGS = NO;
				TEST_HOST = "$(BUILT_PRODUCTS_DIR)/Tern.app/$(BUNDLE_EXECUTABLE_FOLDER_PATH)/Tern";
			};
			name = Debug;
		};
		7E0000000000000000000062 /* Release */ = {
			isa = XCBuildConfiguration;
			buildSettings = {
				BUNDLE_LOADER = "$(TEST_HOST)";
				CODE_SIGN_IDENTITY = "-";
				CODE_SIGN_STYLE = Automatic;
				CURRENT_PROJECT_VERSION = 1;
				GENERATE_INFOPLIST_FILE = YES;
				MARKETING_VERSION = 0.1.0;
				PRODUCT_BUNDLE_IDENTIFIER = so.plane.tern.tests;
				PRODUCT_NAME = "$(TARGET_NAME)";
				SWIFT_EMIT_LOC_STRINGS = NO;
				TEST_HOST = "$(BUILT_PRODUCTS_DIR)/Tern.app/$(BUNDLE_EXECUTABLE_FOLDER_PATH)/Tern";
			};
			name = Release;
		};
		7E0000000000000000000081 /* Debug */ = {
			isa = XCBuildConfiguration;
			buildSettings = {
				CODE_SIGN_IDENTITY = "-";
				CODE_SIGN_STYLE = Automatic;
				ENABLE_HARDENED_RUNTIME = YES;
				PRODUCT_NAME = "tern-hook";
				SKIP_INSTALL = YES;
			};
			name = Debug;
		};
		7E0000000000000000000082 /* Release */ = {
			isa = XCBuildConfiguration;
			buildSettings = {
				CODE_SIGN_IDENTITY = "-";
				CODE_SIGN_STYLE = Automatic;
				ENABLE_HARDENED_RUNTIME = YES;
				PRODUCT_NAME = "tern-hook";
				SKIP_INSTALL = YES;
			};
			name = Release;
		};
/* End XCBuildConfiguration section */

/* Begin XCConfigurationList section */
		7E0000000000000000000040 /* Build configuration list for PBXProject "Tern" */ = {
			isa = XCConfigurationList;
			buildConfigurations = (
				7E0000000000000000000041 /* Debug */,
				7E0000000000000000000042 /* Release */,
			);
			defaultConfigurationIsVisible = 0;
			defaultConfigurationName = Release;
		};
		7E0000000000000000000050 /* Build configuration list for PBXNativeTarget "Tern" */ = {
			isa = XCConfigurationList;
			buildConfigurations = (
				7E0000000000000000000051 /* Debug */,
				7E0000000000000000000052 /* Release */,
			);
			defaultConfigurationIsVisible = 0;
			defaultConfigurationName = Release;
		};
		7E0000000000000000000060 /* Build configuration list for PBXNativeTarget "TernTests" */ = {
			isa = XCConfigurationList;
			buildConfigurations = (
				7E0000000000000000000061 /* Debug */,
				7E0000000000000000000062 /* Release */,
			);
			defaultConfigurationIsVisible = 0;
			defaultConfigurationName = Release;
		};
		7E0000000000000000000080 /* Build configuration list for PBXNativeTarget "TernHook" */ = {
			isa = XCConfigurationList;
			buildConfigurations = (
				7E0000000000000000000081 /* Debug */,
				7E0000000000000000000082 /* Release */,
			);
			defaultConfigurationIsVisible = 0;
			defaultConfigurationName = Release;
		};
/* End XCConfigurationList section */
	};
	rootObject = 7E0000000000000000000001 /* Project object */;
}
